
Microsoft Visual Studio Solution File, Format Version 12.00
# Visual Studio Version 16
VisualStudioVersion = 16.0.30621.155
MinimumVisualStudioVersion = 10.0.40219.1
Project("{9A19103F-16F7-4668-BE54-9A1E7A4F7556}") = "My_Blog_Site.Entities", "My_Blog_Site.Entities\My_Blog_Site.Entities.csproj", "{C9517CCD-FEF6-4825-B5FB-7220BC20FEA6}"
EndProject
Project("{9A19103F-16F7-4668-BE54-9A1E7A4F7556}") = "My_Blog_Site.DataAccess", "My_Blog_Site.DataAccess\My_Blog_Site.DataAccess.csproj", "{247F7946-F79C-4E69-9676-453E1BC5AF81}"
EndProject
Project("{9A19103F-16F7-4668-BE54-9A1E7A4F7556}") = "My_Blog_Site.Buisness", "My_Blog_Site.Buisness\My_Blog_Site.Buisness.csproj", "{9CEF2B44-DE5B-4852-87A5-CE9037847C80}"
EndProject
Project("{9A19103F-16F7-4668-BE54-9A1E7A4F7556}") = "My_Blog_Site.Interfaces", "My_Blog_Site.Interfaces\My_Blog_Site.Interfaces.csproj", "{3EDD7D96-5C95-4088-B78F-C9E3BD78CBE8}"
EndProject
Project("{9A19103F-16F7-4668-BE54-9A1E7A4F7556}") = "MY_BLOG_SITE.Service", "MY_BLOG_SITE.Service\MY_BLOG_SITE.Service.csproj", "{A006BD55-8D1B-469A-98F2-89F9E8C1A4A6}"
EndProject
Global
	GlobalSection(SolutionConfigurationPlatforms) = preSolution
		Debug|Any CPU = Debug|Any CPU
		Release|Any CPU = Release|Any CPU
	EndGlobalSection
	GlobalSection(ProjectConfigurationPlatforms) = postSolution
		{C9517CCD-FEF6-4825-B5FB-7220BC20FEA6}.Debug|Any CPU.ActiveCfg = Debug|Any CPU
		{C9517CCD-FEF6-4825-B5FB-7220BC20FEA6}.Debug|Any CPU.Build.0 = Debug|Any CPU
		{C9517CCD-FEF6-4825-B5FB-7220BC20FEA6}.Release|Any CPU.ActiveCfg = Release|Any CPU
		{C9517CCD-FEF6-4825-B5FB-7220BC20FEA6}.Release|Any CPU.Build.0 = Release|Any CPU
		{247F7946-F79C-4E69-9676-453E1BC5AF81}.Debug|Any CPU.ActiveCfg = Debug|Any CPU
		{247F7946-F79C-4E69-9676-453E1BC5AF81}.Debug|Any CPU.Build.0 = Debug|Any CPU
		{247F7946-F79C-4E69-9676-453E1BC5AF81}.Release|Any CPU.ActiveCfg = Release|Any CPU
		{247F7946-F79C-4E69-9676-453E1BC5AF81}.Release|Any CPU.Build.0 = Release|Any CPU
		{9CEF2B44-DE5B-4852-87A5-CE9037847C80}.Debug|Any CPU.ActiveCfg = Debug|Any CPU
		{9CEF2B44-DE5B-4852-87A5-CE9037847C80}.Debug|Any CPU.Build.0 = Debug|Any CPU
		{9CEF2B44-DE5B-4852-87A5-CE9037847C80}.Release|Any CPU.ActiveCfg = Release|Any CPU
		{9CEF2B44-DE5B-4852-87A5-CE9037847C80}.Release|Any CPU.Build.0 = Release|Any CPU
		{3EDD7D96-5C95-4088-B78F-C9E3BD78CBE8}.Debug|Any CPU.ActiveCfg = Debug|Any CPU
		{3EDD7D96-5C95-4088-B78F-C9E3BD78CBE8}.Debug|Any CPU.Build.0 = Debug|Any CPU
		{3EDD7D96-5C95-4088-B78F-C9E3BD78CBE8}.Release|Any CPU.ActiveCfg = Release|Any CPU
		{3EDD7D96-5C95-4088-B78F-C9E3BD78CBE8}.Release|Any CPU.Build.0 = Release|Any CPU
		{A006BD55-8D1B-469A-98F2-89F9E8C1A4A6}.Debug|Any CPU.ActiveCfg = Debug|Any CPU
		{A006BD55-8D1B-469A-98F2-89F9E8C1A4A6}.Debug|Any CPU.Build.0 = Debug|Any CPU
		{A006BD55-8D1B-469A-98F2-89F9E8C1A4A6}.Release|Any CPU.ActiveCfg = Release|Any CPU
		{A006BD55-8D1B-469A-98F2-89F9E8C1A4A6}.Release|Any CPU.Build.0 = Release|Any CPU
	EndGlobalSection
	GlobalSection(SolutionProperties) = preSolution
		HideSolutionNode = FALSE
	EndGlobalSection
	GlobalSection(ExtensibilityGlobals) = postSolution
		SolutionGuid = {C7412A05-813B-4067-89E7-5DF2D70DFE54}
	EndGlobalSection
EndGlobal
